
Microsoft Visual Studio Solution File, Format Version 12.00
# Visual Studio Version 16
VisualStudioVersion = 16.0.31005.135
MinimumVisualStudioVersion = 10.0.40219.1
Project("{FAE04EC0-301F-11D3-BF4B-00C04F79EFBC}") = "IMC.UWP", "IMC\IMC.UWP\IMC.UWP.csproj", "{D0ED23E9-5782-42FC-AFB7-FFBA7FD7FDB9}"
EndProject
Project("{FAE04EC0-301F-11D3-BF4B-00C04F79EFBC}") = "IMC.Android", "IMC\IMC.Android\IMC.Android.csproj", "{AAEA4836-ECF1-47FE-A3CC-A3DB573675B5}"
EndProject
Project("{FAE04EC0-301F-11D3-BF4B-00C04F79EFBC}") = "IMC.iOS", "IMC\IMC.iOS\IMC.iOS.csproj", "{033C29CA-72FF-4D57-ABFD-C5CD45B77E56}"
EndProject
Project("{FAE04EC0-301F-11D3-BF4B-00C04F79EFBC}") = "IMC", "IMC\IMC\IMC.csproj", "{1471A4B0-EB04-4019-9104-EB63CF971207}"
EndProject
Global
	GlobalSection(SolutionConfigurationPlatforms) = preSolution
		Debug|Any CPU = Debug|Any CPU
		Debug|ARM = Debug|ARM
		Debug|iPhone = Debug|iPhone
		Debug|iPhoneSimulator = Debug|iPhoneSimulator
		Debug|x64 = Debug|x64
		Debug|x86 = Debug|x86
		Release|Any CPU = Release|Any CPU
		Release|ARM = Release|ARM
		Release|iPhone = Release|iPhone
		Release|iPhoneSimulator = Release|iPhoneSimulator
		Release|x64 = Release|x64
		Release|x86 = Release|x86
	EndGlobalSection
	GlobalSection(ProjectConfigurationPlatforms) = postSolution
		{D0ED23E9-5782-42FC-AFB7-FFBA7FD7FDB9}.Debug|Any CPU.ActiveCfg = Debug|x86
		{D0ED23E9-5782-42FC-AFB7-FFBA7FD7FDB9}.Debug|Any CPU.Build.0 = Debug|x86
		{D0ED23E9-5782-42FC-AFB7-FFBA7FD7FDB9}.Debug|Any CPU.Deploy.0 = Debug|x86
		{D0ED23E9-5782-42FC-AFB7-FFBA7FD7FDB9}.Debug|ARM.ActiveCfg = Debug|ARM
		{D0ED23E9-5782-42FC-AFB7-FFBA7FD7FDB9}.Debug|ARM.Build.0 = Debug|ARM
		{D0ED23E9-5782-42FC-AFB7-FFBA7FD7FDB9}.Debug|ARM.Deploy.0 = Debug|ARM
		{D0ED23E9-5782-42FC-AFB7-FFBA7FD7FDB9}.Debug|iPhone.ActiveCfg = Debug|x86
		{D0ED23E9-5782-42FC-AFB7-FFBA7FD7FDB9}.Debug|iPhone.Build.0 = Debug|x86
		{D0ED23E9-5782-42FC-AFB7-FFBA7FD7FDB9}.Debug|iPhone.Deploy.0 = Debug|x86
		{D0ED23E9-5782-42FC-AFB7-FFBA7FD7FDB9}.Debug|iPhoneSimulator.ActiveCfg = Debug|x86
		{D0ED23E9-5782-42FC-AFB7-FFBA7FD7FDB9}.Debug|iPhoneSimulator.Build.0 = Debug|x86
		{D0ED23E9-5782-42FC-AFB7-FFBA7FD7FDB9}.Debug|iPhoneSimulator.Deploy.0 = Debug|x86
		{D0ED23E9-5782-42FC-AFB7-FFBA7FD7FDB9}.Debug|x64.ActiveCfg = Debug|x64
		{D0ED23E9-5782-42FC-AFB7-FFBA7FD7FDB9}.Debug|x64.Build.0 = Debug|x64
		{D0ED23E9-5782-42FC-AFB7-FFBA7FD7FDB9}.Debug|x64.Deploy.0 = Debug|x64
		{D0ED23E9-5782-42FC-AFB7-FFBA7FD7FDB9}.Debug|x86.ActiveCfg = Debug|x86
		{D0ED23E9-5782-42FC-AFB7-FFBA7FD7FDB9}.Debug|x86.Build.0 = Debug|x86
		{D0ED23E9-5782-42FC-AFB7-FFBA7FD7FDB9}.Debug|x86.Deploy.0 = Debug|x86
		{D0ED23E9-5782-42FC-AFB7-FFBA7FD7FDB9}.Release|Any CPU.ActiveCfg = Release|x86
		{D0ED23E9-5782-42FC-AFB7-FFBA7FD7FDB9}.Release|Any CPU.Build.0 = Release|x86
		{D0ED23E9-5782-42FC-AFB7-FFBA7FD7FDB9}.Release|Any CPU.Deploy.0 = Release|x86
		{D0ED23E9-5782-42FC-AFB7-FFBA7FD7FDB9}.Release|ARM.ActiveCfg = Release|ARM
		{D0ED23E9-5782-42FC-AFB7-FFBA7FD7FDB9}.Release|ARM.Build.0 = Release|ARM
		{D0ED23E9-5782-42FC-AFB7-FFBA7FD7FDB9}.Release|ARM.Deploy.0 = Release|ARM
		{D0ED23E9-5782-42FC-AFB7-FFBA7FD7FDB9}.Release|iPhone.ActiveCfg = Release|x86
		{D0ED23E9-5782-42FC-AFB7-FFBA7FD7FDB9}.Release|iPhone.Build.0 = Release|x86
		{D0ED23E9-5782-42FC-AFB7-FFBA7FD7FDB9}.Release|iPhone.Deploy.0 = Release|x86
		{D0ED23E9-5782-42FC-AFB7-FFBA7FD7FDB9}.Release|iPhoneSimulator.ActiveCfg = Release|x86
		{D0ED23E9-5782-42FC-AFB7-FFBA7FD7FDB9}.Release|iPhoneSimulator.Build.0 = Release|x86
		{D0ED23E9-5782-42FC-AFB7-FFBA7FD7FDB9}.Release|iPhoneSimulator.Deploy.0 = Release|x86
		{D0ED23E9-5782-42FC-AFB7-FFBA7FD7FDB9}.Release|x64.ActiveCfg = Release|x64
		{D0ED23E9-5782-42FC-AFB7-FFBA7FD7FDB9}.Release|x64.Build.0 = Release|x64
		{D0ED23E9-5782-42FC-AFB7-FFBA7FD7FDB9}.Release|x64.Deploy.0 = Release|x64
		{D0ED23E9-5782-42FC-AFB7-FFBA7FD7FDB9}.Release|x86.ActiveCfg = Release|x86
		{D0ED23E9-5782-42FC-AFB7-FFBA7FD7FDB9}.Release|x86.Build.0 = Release|x86
		{D0ED23E9-5782-42FC-AFB7-FFBA7FD7FDB9}.Release|x86.Deploy.0 = Release|x86
		{AAEA4836-ECF1-47FE-A3CC-A3DB573675B5}.Debug|Any CPU.ActiveCfg = Debug|Any CPU
		{AAEA4836-ECF1-47FE-A3CC-A3DB573675B5}.Debug|Any CPU.Build.0 = Debug|Any CPU
		{AAEA4836-ECF1-47FE-A3CC-A3DB573675B5}.Debug|Any CPU.Deploy.0 = Debug|Any CPU
		{AAEA4836-ECF1-47FE-A3CC-A3DB573675B5}.Debug|ARM.ActiveCfg = Debug|Any CPU
		{AAEA4836-ECF1-47FE-A3CC-A3DB573675B5}.Debug|ARM.Build.0 = Debug|Any CPU
		{AAEA4836-ECF1-47FE-A3CC-A3DB573675B5}.Debug|ARM.Deploy.0 = Debug|Any CPU
		{AAEA4836-ECF1-47FE-A3CC-A3DB573675B5}.Debug|iPhone.ActiveCfg = Debug|Any CPU
		{AAEA4836-ECF1-47FE-A3CC-A3DB573675B5}.Debug|iPhone.Build.0 = Debug|Any CPU
		{AAEA4836-ECF1-47FE-A3CC-A3DB573675B5}.Debug|iPhone.Deploy.0 = Debug|Any CPU
		{AAEA4836-ECF1-47FE-A3CC-A3DB573675B5}.Debug|iPhoneSimulator.ActiveCfg = Debug|Any CPU
		{AAEA4836-ECF1-47FE-A3CC-A3DB573675B5}.Debug|iPhoneSimulator.Build.0 = Debug|Any CPU
		{AAEA4836-ECF1-47FE-A3CC-A3DB573675B5}.Debug|iPhoneSimulator.Deploy.0 = Debug|Any CPU
		{AAEA4836-ECF1-47FE-A3CC-A3DB573675B5}.Debug|x64.ActiveCfg = Debug|Any CPU
		{AAEA4836-ECF1-47FE-A3CC-A3DB573675B5}.Debug|x64.Build.0 = Debug|Any CPU
		{AAEA4836-ECF1-47FE-A3CC-A3DB573675B5}.Debug|x64.Deploy.0 = Debug|Any CPU
		{AAEA4836-ECF1-47FE-A3CC-A3DB573675B5}.Debug|x86.ActiveCfg = Debug|Any CPU
		{AAEA4836-ECF1-47FE-A3CC-A3DB573675B5}.Debug|x86.Build.0 = Debug|Any CPU
		{AAEA4836-ECF1-47FE-A3CC-A3DB573675B5}.Debug|x86.Deploy.0 = Debug|Any CPU
		{AAEA4836-ECF1-47FE-A3CC-A3DB573675B5}.Release|Any CPU.ActiveCfg = Release|Any CPU
		{AAEA4836-ECF1-47FE-A3CC-A3DB573675B5}.Release|Any CPU.Build.0 = Release|Any CPU
		{AAEA4836-ECF1-47FE-A3CC-A3DB573675B5}.Release|Any CPU.Deploy.0 = Release|Any CPU
		{AAEA4836-ECF1-47FE-A3CC-A3DB573675B5}.Release|ARM.ActiveCfg = Release|Any CPU
		{AAEA4836-ECF1-47FE-A3CC-A3DB573675B5}.Release|ARM.Build.0 = Release|Any CPU
		{AAEA4836-ECF1-47FE-A3CC-A3DB573675B5}.Release|ARM.Deploy.0 = Release|Any CPU
		{AAEA4836-ECF1-47FE-A3CC-A3DB573675B5}.Release|iPhone.ActiveCfg = Release|Any CPU
		{AAEA4836-ECF1-47FE-A3CC-A3DB573675B5}.Release|iPhone.Build.0 = Release|Any CPU
		{AAEA4836-ECF1-47FE-A3CC-A3DB573675B5}.Release|iPhone.Deploy.0 = Release|Any CPU
		{AAEA4836-ECF1-47FE-A3CC-A3DB573675B5}.Release|iPhoneSimulator.ActiveCfg = Release|Any CPU
		{AAEA4836-ECF1-47FE-A3CC-A3DB573675B5}.Release|iPhoneSimulator.Build.0 = Release|Any CPU
		{AAEA4836-ECF1-47FE-A3CC-A3DB573675B5}.Release|iPhoneSimulator.Deploy.0 = Release|Any CPU
		{AAEA4836-ECF1-47FE-A3CC-A3DB573675B5}.Release|x64.ActiveCfg = Release|Any CPU
		{AAEA4836-ECF1-47FE-A3CC-A3DB573675B5}.Release|x64.Build.0 = Release|Any CPU
		{AAEA4836-ECF1-47FE-A3CC-A3DB573675B5}.Release|x64.Deploy.0 = Release|Any CPU
		{AAEA4836-ECF1-47FE-A3CC-A3DB573675B5}.Release|x86.ActiveCfg = Release|Any CPU
		{AAEA4836-ECF1-47FE-A3CC-A3DB573675B5}.Release|x86.Build.0 = Release|Any CPU
		{AAEA4836-ECF1-47FE-A3CC-A3DB573675B5}.Release|x86.Deploy.0 = Release|Any CPU
		{033C29CA-72FF-4D57-ABFD-C5CD45B77E56}.Debug|Any CPU.ActiveCfg = Debug|iPhoneSimulator
		{033C29CA-72FF-4D57-ABFD-C5CD45B77E56}.Debug|Any CPU.Build.0 = Debug|iPhoneSimulator
		{033C29CA-72FF-4D57-ABFD-C5CD45B77E56}.Debug|Any CPU.Deploy.0 = Debug|iPhoneSimulator
		{033C29CA-72FF-4D57-ABFD-C5CD45B77E56}.Debug|ARM.ActiveCfg = Debug|iPhone
		{033C29CA-72FF-4D57-ABFD-C5CD45B77E56}.Debug|ARM.Build.0 = Debug|iPhone
		{033C29CA-72FF-4D57-ABFD-C5CD45B77E56}.Debug|ARM.Deploy.0 = Debug|iPhone
		{033C29CA-72FF-4D57-ABFD-C5CD45B77E56}.Debug|iPhone.ActiveCfg = Debug|iPhone
		{033C29CA-72FF-4D57-ABFD-C5CD45B77E56}.Debug|iPhone.Build.0 = Debug|iPhone
		{033C29CA-72FF-4D57-ABFD-C5CD45B77E56}.Debug|iPhone.Deploy.0 = Debug|iPhone
		{033C29CA-72FF-4D57-ABFD-C5CD45B77E56}.Debug|iPhoneSimulator.ActiveCfg = Debug|iPhoneSimulator
		{033C29CA-72FF-4D57-ABFD-C5CD45B77E56}.Debug|iPhoneSimulator.Build.0 = Debug|iPhoneSimulator
		{033C29CA-72FF-4D57-ABFD-C5CD45B77E56}.Debug|iPhoneSimulator.Deploy.0 = Debug|iPhoneSimulator
		{033C29CA-72FF-4D57-ABFD-C5CD45B77E56}.Debug|x64.ActiveCfg = Debug|iPhoneSimulator
		{033C29CA-72FF-4D57-ABFD-C5CD45B77E56}.Debug|x64.Build.0 = Debug|iPhoneSimulator
		{033C29CA-72FF-4D57-ABFD-C5CD45B77E56}.Debug|x64.Deploy.0 = Debug|iPhoneSimulator
		{033C29CA-72FF-4D57-ABFD-C5CD45B77E56}.Debug|x86.ActiveCfg = Debug|iPhoneSimulator
		{033C29CA-72FF-4D57-ABFD-C5CD45B77E56}.Debug|x86.Build.0 = Debug|iPhoneSimulator
		{033C29CA-72FF-4D57-ABFD-C5CD45B77E56}.Debug|x86.Deploy.0 = Debug|iPhoneSimulator
		{033C29CA-72FF-4D57-ABFD-C5CD45B77E56}.Release|Any CPU.ActiveCfg = Release|iPhoneSimulator
		{033C29CA-72FF-4D57-ABFD-C5CD45B77E56}.Release|Any CPU.Build.0 = Release|iPhoneSimulator
		{033C29CA-72FF-4D57-ABFD-C5CD45B77E56}.Release|Any CPU.Deploy.0 = Release|iPhoneSimulator
		{033C29CA-72FF-4D57-ABFD-C5CD45B77E56}.Release|ARM.ActiveCfg = Release|iPhoneSimulator
		{033C29CA-72FF-4D57-ABFD-C5CD45B77E56}.Release|ARM.Build.0 = Release|iPhoneSimulator
		{033C29CA-72FF-4D57-ABFD-C5CD45B77E56}.Release|ARM.Deploy.0 = Release|iPhoneSimulator
		{033C29CA-72FF-4D57-ABFD-C5CD45B77E56}.Release|iPhone.ActiveCfg = Release|iPhone
		{033C29CA-72FF-4D57-ABFD-C5CD45B77E56}.Release|iPhone.Build.0 = Release|iPhone
		{033C29CA-72FF-4D57-ABFD-C5CD45B77E56}.Release|iPhone.Deploy.0 = Release|iPhone
		{033C29CA-72FF-4D57-ABFD-C5CD45B77E56}.Release|iPhoneSimulator.ActiveCfg = Release|iPhoneSimulator
		{033C29CA-72FF-4D57-ABFD-C5CD45B77E56}.Release|iPhoneSimulator.Build.0 = Release|iPhoneSimulator
		{033C29CA-72FF-4D57-ABFD-C5CD45B77E56}.Release|iPhoneSimulator.Deploy.0 = Release|iPhoneSimulator
		{033C29CA-72FF-4D57-ABFD-C5CD45B77E56}.Release|x64.ActiveCfg = Release|iPhoneSimulator
		{033C29CA-72FF-4D57-ABFD-C5CD45B77E56}.Release|x64.Build.0 = Release|iPhoneSimulator
		{033C29CA-72FF-4D57-ABFD-C5CD45B77E56}.Release|x64.Deploy.0 = Release|iPhoneSimulator
		{033C29CA-72FF-4D57-ABFD-C5CD45B77E56}.Release|x86.ActiveCfg = Release|iPhoneSimulator
		{033C29CA-72FF-4D57-ABFD-C5CD45B77E56}.Release|x86.Build.0 = Release|iPhoneSimulator
		{033C29CA-72FF-4D57-ABFD-C5CD45B77E56}.Release|x86.Deploy.0 = Release|iPhoneSimulator
		{1471A4B0-EB04-4019-9104-EB63CF971207}.Debug|Any CPU.ActiveCfg = Debug|Any CPU
		{1471A4B0-EB04-4019-9104-EB63CF971207}.Debug|Any CPU.Build.0 = Debug|Any CPU
		{1471A4B0-EB04-4019-9104-EB63CF971207}.Debug|Any CPU.Deploy.0 = Debug|Any CPU
		{1471A4B0-EB04-4019-9104-EB63CF971207}.Debug|ARM.ActiveCfg = Debug|Any CPU
		{1471A4B0-EB04-4019-9104-EB63CF971207}.Debug|ARM.Build.0 = Debug|Any CPU
		{1471A4B0-EB04-4019-9104-EB63CF971207}.Debug|ARM.Deploy.0 = Debug|Any CPU
		{1471A4B0-EB04-4019-9104-EB63CF971207}.Debug|iPhone.ActiveCfg = Debug|Any CPU
		{1471A4B0-EB04-4019-9104-EB63CF971207}.Debug|iPhone.Build.0 = Debug|Any CPU
		{1471A4B0-EB04-4019-9104-EB63CF971207}.Debug|iPhone.Deploy.0 = Debug|Any CPU
		{1471A4B0-EB04-4019-9104-EB63CF971207}.Debug|iPhoneSimulator.ActiveCfg = Debug|Any CPU
		{1471A4B0-EB04-4019-9104-EB63CF971207}.Debug|iPhoneSimulator.Build.0 = Debug|Any CPU
		{1471A4B0-EB04-4019-9104-EB63CF971207}.Debug|iPhoneSimulator.Deploy.0 = Debug|Any CPU
		{1471A4B0-EB04-4019-9104-EB63CF971207}.Debug|x64.ActiveCfg = Debug|Any CPU
		{1471A4B0-EB04-4019-9104-EB63CF971207}.Debug|x64.Build.0 = Debug|Any CPU
		{1471A4B0-EB04-4019-9104-EB63CF971207}.Debug|x64.Deploy.0 = Debug|Any CPU
		{1471A4B0-EB04-4019-9104-EB63CF971207}.Debug|x86.ActiveCfg = Debug|Any CPU
		{1471A4B0-EB04-4019-9104-EB63CF971207}.Debug|x86.Build.0 = Debug|Any CPU
		{1471A4B0-EB04-4019-9104-EB63CF971207}.Debug|x86.Deploy.0 = Debug|Any CPU
		{1471A4B0-EB04-4019-9104-EB63CF971207}.Release|Any CPU.ActiveCfg = Release|Any CPU
		{1471A4B0-EB04-4019-9104-EB63CF971207}.Release|Any CPU.Build.0 = Release|Any CPU
		{1471A4B0-EB04-4019-9104-EB63CF971207}.Release|Any CPU.Deploy.0 = Release|Any CPU
		{1471A4B0-EB04-4019-9104-EB63CF971207}.Release|ARM.ActiveCfg = Release|Any CPU
		{1471A4B0-EB04-4019-9104-EB63CF971207}.Release|ARM.Build.0 = Release|Any CPU
		{1471A4B0-EB04-4019-9104-EB63CF971207}.Release|ARM.Deploy.0 = Release|Any CPU
		{1471A4B0-EB04-4019-9104-EB63CF971207}.Release|iPhone.ActiveCfg = Release|Any CPU
		{1471A4B0-EB04-4019-9104-EB63CF971207}.Release|iPhone.Build.0 = Release|Any CPU
		{1471A4B0-EB04-4019-9104-EB63CF971207}.Release|iPhone.Deploy.0 = Release|Any CPU
		{1471A4B0-EB04-4019-9104-EB63CF971207}.Release|iPhoneSimulator.ActiveCfg = Release|Any CPU
		{1471A4B0-EB04-4019-9104-EB63CF971207}.Release|iPhoneSimulator.Build.0 = Release|Any CPU
		{1471A4B0-EB04-4019-9104-EB63CF971207}.Release|iPhoneSimulator.Deploy.0 = Release|Any CPU
		{1471A4B0-EB04-4019-9104-EB63CF971207}.Release|x64.ActiveCfg = Release|Any CPU
		{1471A4B0-EB04-4019-9104-EB63CF971207}.Release|x64.Build.0 = Release|Any CPU
		{1471A4B0-EB04-4019-9104-EB63CF971207}.Release|x64.Deploy.0 = Release|Any CPU
		{1471A4B0-EB04-4019-9104-EB63CF971207}.Release|x86.ActiveCfg = Release|Any CPU
		{1471A4B0-EB04-4019-9104-EB63CF971207}.Release|x86.Build.0 = Release|Any CPU
		{1471A4B0-EB04-4019-9104-EB63CF971207}.Release|x86.Deploy.0 = Release|Any CPU
	EndGlobalSection
	GlobalSection(SolutionProperties) = preSolution
		HideSolutionNode = FALSE
	EndGlobalSection
	GlobalSection(ExtensibilityGlobals) = postSolution
		SolutionGuid = {86AD00B2-A42F-4306-82C7-13E7BBF6B40D}
	EndGlobalSection
EndGlobal
